
Microsoft Visual Studio Solution File, Format Version 12.00
# Visual Studio Version 17
VisualStudioVersion = 17.5.33502.453
MinimumVisualStudioVersion = 10.0.40219.1
Project("{8BC9CEB8-8B4A-11D0-8D11-00A0C91BC942}") = "ukazateli cB", "ukazateli cB.vcxproj", "{10E98562-6C52-4616-9EAE-74537DB02F45}"
EndProject
Global
	GlobalSection(SolutionConfigurationPlatforms) = preSolution
		Debug|x64 = Debug|x64
		Debug|x86 = Debug|x86
		Release|x64 = Release|x64
		Release|x86 = Release|x86
	EndGlobalSection
	GlobalSection(ProjectConfigurationPlatforms) = postSolution
		{10E98562-6C52-4616-9EAE-74537DB02F45}.Debug|x64.ActiveCfg = Debug|x64
		{10E98562-6C52-4616-9EAE-74537DB02F45}.Debug|x64.Build.0 = Debug|x64
		{10E98562-6C52-4616-9EAE-74537DB02F45}.Debug|x86.ActiveCfg = Debug|Win32
		{10E98562-6C52-4616-9EAE-74537DB02F45}.Debug|x86.Build.0 = Debug|Win32
		{10E98562-6C52-4616-9EAE-74537DB02F45}.Release|x64.ActiveCfg = Release|x64
		{10E98562-6C52-4616-9EAE-74537DB02F45}.Release|x64.Build.0 = Release|x64
		{10E98562-6C52-4616-9EAE-74537DB02F45}.Release|x86.ActiveCfg = Release|Win32
		{10E98562-6C52-4616-9EAE-74537DB02F45}.Release|x86.Build.0 = Release|Win32
	EndGlobalSection
	GlobalSection(SolutionProperties) = preSolution
		HideSolutionNode = FALSE
	EndGlobalSection
	GlobalSection(ExtensibilityGlobals) = postSolution
		SolutionGuid = {A2468CD1-7CB4-4F42-8C82-9BB695725174}
	EndGlobalSection
EndGlobal
